
Microsoft Visual Studio Solution File, Format Version 12.00
# Visual Studio Version 16
VisualStudioVersion = 16.0.34601.136
MinimumVisualStudioVersion = 10.0.40219.1
Project("{FAE04EC0-301F-11D3-BF4B-00C04F79EFBC}") = "ConsoleApp1", "ConsoleApp1\ConsoleApp1.csproj", "{5A3E6219-8F20-40CF-A44B-8AC9A2B2A9C5}"
EndProject
Project("{FAE04EC0-301F-11D3-BF4B-00C04F79EFBC}") = "003_變量", "003-\003_變量.csproj", "{493040DA-8BAF-43AA-A288-0F98714FA175}"
EndProject
Project("{FAE04EC0-301F-11D3-BF4B-00C04F79EFBC}") = "004_字符類型", "004_字符類型\004_字符類型.csproj", "{872C6307-F1AF-4D6B-BE48-4AACC00CAFD7}"
EndProject
Project("{FAE04EC0-301F-11D3-BF4B-00C04F79EFBC}") = "005_練習", "004_練習\005_練習.csproj", "{84280EE7-64E3-4D8F-B484-1C389D4E4EA0}"
EndProject
Project("{FAE04EC0-301F-11D3-BF4B-00C04F79EFBC}") = "006_變量研究", "006_變量研究\006_變量研究.csproj", "{88E89717-9528-48D1-B1C7-734CE9C29534}"
EndProject
Project("{FAE04EC0-301F-11D3-BF4B-00C04F79EFBC}") = "007_數學運算", "007_數學運算\007_數學運算.csproj", "{9376BC31-6EE2-40AD-ACB4-3C827AF27BE4}"
EndProject
Project("{FAE04EC0-301F-11D3-BF4B-00C04F79EFBC}") = "008_自增自減運算符", "008_自增自減運算符\008_自增自減運算符.csproj", "{5DA6F95E-E1C7-422E-8326-5966D8D0117A}"
EndProject
Project("{FAE04EC0-301F-11D3-BF4B-00C04F79EFBC}") = "008_關係運算符和布林類型", "008_關係運算符和布林運算\008_關係運算符和布林類型.csproj", "{73737B91-A12D-48AA-A16C-26F1DAB58FB9}"
EndProject
Project("{FAE04EC0-301F-11D3-BF4B-00C04F79EFBC}") = "009_邏輯運算符", "009_邏輯運算符\009_邏輯運算符.csproj", "{3B4CC0A8-20DF-49A2-AF32-5F57D813F2F9}"
EndProject
Project("{FAE04EC0-301F-11D3-BF4B-00C04F79EFBC}") = "010_運算符的優先級", "010_運算符的優先級\010_運算符的優先級.csproj", "{149CD579-FA82-4CF4-AC1E-2C525E56D3A4}"
EndProject
Project("{FAE04EC0-301F-11D3-BF4B-00C04F79EFBC}") = "011_練習題", "011_練習題\011_練習題.csproj", "{261254B6-B115-42A8-A025-8EC137A9DEEA}"
EndProject
Project("{FAE04EC0-301F-11D3-BF4B-00C04F79EFBC}") = "012_條件語句_if語句", "012_條件語句_if語句\012_條件語句_if語句.csproj", "{FB5A0570-30CE-4575-8110-61B6201FE1D5}"
EndProject
Project("{FAE04EC0-301F-11D3-BF4B-00C04F79EFBC}") = "013_switch分支語句", "013_switch分支語句\013_switch分支語句.csproj", "{C2CAC8AC-3C87-4FF0-BC94-C6E9F66E64FC}"
EndProject
Project("{FAE04EC0-301F-11D3-BF4B-00C04F79EFBC}") = "014_練習題", "014_練習題\014_練習題.csproj", "{40172115-864A-4C55-9BE0-2DEDA3589419}"
EndProject
Project("{FAE04EC0-301F-11D3-BF4B-00C04F79EFBC}") = "015_循環語句_While循環", "015_循環語句_While循環\015_循環語句_While循環.csproj", "{402528FE-470A-447C-8AD6-B00D49D6ADAE}"
EndProject
Project("{FAE04EC0-301F-11D3-BF4B-00C04F79EFBC}") = "016_0_練習題", "016_練習題\016_0_練習題.csproj", "{02A1755C-662A-4039-B2BE-07A2A81086FB}"
EndProject
Project("{FAE04EC0-301F-11D3-BF4B-00C04F79EFBC}") = "016_1_練習題", "016_1_練習題\016_1_練習題.csproj", "{55F3836D-3416-43E9-BA71-00168225B5CD}"
EndProject
Project("{FAE04EC0-301F-11D3-BF4B-00C04F79EFBC}") = "016_2_練習題", "016_2_練習題\016_2_練習題.csproj", "{10C53520-27DB-4E26-840C-01D384B531EC}"
EndProject
Project("{FAE04EC0-301F-11D3-BF4B-00C04F79EFBC}") = "018_for循環", "020_for循環\018_for循環.csproj", "{6F1D0562-C055-4006-8300-67195484ABF8}"
EndProject
Project("{FAE04EC0-301F-11D3-BF4B-00C04F79EFBC}") = "017_do_while循環", "017_do_while循環\017_do_while循環.csproj", "{D03D4E29-2B6F-417B-A1CD-78DCE07774D0}"
EndProject
Project("{FAE04EC0-301F-11D3-BF4B-00C04F79EFBC}") = "019_變量的作用域", "019_變量的作用域\019_變量的作用域.csproj", "{E008A636-AEFA-4960-AA47-A2775F32E6C7}"
EndProject
Project("{FAE04EC0-301F-11D3-BF4B-00C04F79EFBC}") = "020_0_練習題", "020_練習題\020_0_練習題.csproj", "{489DF194-C6C2-4A9E-A88A-AE51C3314012}"
EndProject
Project("{FAE04EC0-301F-11D3-BF4B-00C04F79EFBC}") = "020_1_練習題", "020_1_練習題\020_1_練習題.csproj", "{3300C8B2-3C9D-462C-9CCB-9A540F2F1650}"
EndProject
Project("{FAE04EC0-301F-11D3-BF4B-00C04F79EFBC}") = "020_2_練習題", "020_2_練習題\020_2_練習題.csproj", "{795C5376-5A69-46E2-A0AD-1EA5578A23F7}"
EndProject
Project("{FAE04EC0-301F-11D3-BF4B-00C04F79EFBC}") = "020_3_練習題", "020_3_練習題\020_3_練習題.csproj", "{E9AA2E16-6200-4365-A85E-A4C212CA38E7}"
EndProject
Project("{FAE04EC0-301F-11D3-BF4B-00C04F79EFBC}") = "020_4_練習題", "020_4_練習題\020_4_練習題.csproj", "{544B11A0-5949-421B-A134-8F0F6D8174A0}"
EndProject
Project("{FAE04EC0-301F-11D3-BF4B-00C04F79EFBC}") = "020_5_練習題", "020_5_練習題\020_5_練習題.csproj", "{142DF922-4E22-4B08-951D-2B54F25AE5EE}"
EndProject
Project("{FAE04EC0-301F-11D3-BF4B-00C04F79EFBC}") = "021_循環中的continue", "021_循環中的continue\021_循環中的continue.csproj", "{5CFD4EDD-CC08-43CA-896F-E55423098A8E}"
EndProject
Project("{FAE04EC0-301F-11D3-BF4B-00C04F79EFBC}") = "022_循環嵌套", "022_循環嵌套\022_循環嵌套.csproj", "{53A4D00B-B724-471B-BE6D-DAC0A75CFC17}"
EndProject
Project("{FAE04EC0-301F-11D3-BF4B-00C04F79EFBC}") = "023_猜數字", "023_猜數字\023_猜數字.csproj", "{B6504721-15DB-4128-B319-D753B88713FE}"
EndProject
Project("{FAE04EC0-301F-11D3-BF4B-00C04F79EFBC}") = "024_數據類型", "024_數據類型\024_數據類型.csproj", "{F970670A-18DE-4773-AB4B-D3919BEB36F1}"
EndProject
Project("{FAE04EC0-301F-11D3-BF4B-00C04F79EFBC}") = "025_數組", "025_數組\025_數組.csproj", "{452B0D1A-C8F3-4FEE-8661-AF1BA79F4F75}"
EndProject
Project("{FAE04EC0-301F-11D3-BF4B-00C04F79EFBC}") = "026_字符串", "026_字符串\026_字符串.csproj", "{3979FCE0-19F1-4A45-B9DA-DE9882FF9473}"
EndProject
Project("{FAE04EC0-301F-11D3-BF4B-00C04F79EFBC}") = "027_練習題", "027_練習題\027_練習題.csproj", "{BB77DFF3-2840-4BF6-A095-EE2740E0620D}"
EndProject
Project("{FAE04EC0-301F-11D3-BF4B-00C04F79EFBC}") = "028_排序", "028_排序\028_排序.csproj", "{2FC3952F-8F1A-493B-BC54-AC3399F5097A}"
EndProject
Project("{FAE04EC0-301F-11D3-BF4B-00C04F79EFBC}") = "029_練習題", "029_練習題\029_練習題.csproj", "{8BBE2F44-AEF8-4E28-80A1-1E712A56BCD0}"
EndProject
Project("{FAE04EC0-301F-11D3-BF4B-00C04F79EFBC}") = "030_練習題", "030_練習題\030_練習題.csproj", "{81A3BABF-B1AD-44E4-A340-C9F5DDAE3862}"
EndProject
Project("{FAE04EC0-301F-11D3-BF4B-00C04F79EFBC}") = "031_函數", "031_函數\031_函數.csproj", "{DA5844F2-3D1B-4167-B90D-4EA791D921E3}"
EndProject
Project("{FAE04EC0-301F-11D3-BF4B-00C04F79EFBC}") = "032_練習題", "032_練習題\032_練習題.csproj", "{75A4D069-CDE7-4E2F-A1B9-603F45EF21EF}"
EndProject
Project("{FAE04EC0-301F-11D3-BF4B-00C04F79EFBC}") = "033_參數數組", "033_參數數組\033_參數數組.csproj", "{0388713F-2184-4524-AAF0-F24906A23494}"
EndProject
Project("{FAE04EC0-301F-11D3-BF4B-00C04F79EFBC}") = "034_練習題", "034_練習題\034_練習題.csproj", "{91CE262C-9EE5-4866-BE9E-371A578822A4}"
EndProject
Project("{FAE04EC0-301F-11D3-BF4B-00C04F79EFBC}") = "035_遞歸調用", "035_遞歸調用\035_遞歸調用.csproj", "{2E1F22E6-59FB-4D57-B1E5-1F4670706250}"
EndProject
Project("{FAE04EC0-301F-11D3-BF4B-00C04F79EFBC}") = "036_遞歸練習題", "036_遞歸練習題\036_遞歸練習題.csproj", "{86ADCADA-866F-46E9-979F-93D6DBCF3624}"
EndProject
Project("{FAE04EC0-301F-11D3-BF4B-00C04F79EFBC}") = "037_常量", "037_常量\037_常量.csproj", "{6D0729BF-303D-447B-A73F-27EDA1F943C1}"
EndProject
Project("{FAE04EC0-301F-11D3-BF4B-00C04F79EFBC}") = "038_枚舉類型", "038_枚舉類型\038_枚舉類型.csproj", "{529C0FAC-2E5D-4D9C-A576-C6DF3CE4D3CA}"
EndProject
Project("{FAE04EC0-301F-11D3-BF4B-00C04F79EFBC}") = "039_結構體", "039_結構體\039_結構體.csproj", "{8C341D68-F88B-4793-B90D-16F0F30DB62A}"
EndProject
Project("{FAE04EC0-301F-11D3-BF4B-00C04F79EFBC}") = "040_委託", "040_委託\040_委託.csproj", "{07AA105C-29F5-46D2-BC84-8D06F7BED2C9}"
EndProject
Global
	GlobalSection(SolutionConfigurationPlatforms) = preSolution
		Debug|Any CPU = Debug|Any CPU
		Release|Any CPU = Release|Any CPU
	EndGlobalSection
	GlobalSection(ProjectConfigurationPlatforms) = postSolution
		{5A3E6219-8F20-40CF-A44B-8AC9A2B2A9C5}.Debug|Any CPU.ActiveCfg = Debug|Any CPU
		{5A3E6219-8F20-40CF-A44B-8AC9A2B2A9C5}.Debug|Any CPU.Build.0 = Debug|Any CPU
		{5A3E6219-8F20-40CF-A44B-8AC9A2B2A9C5}.Release|Any CPU.ActiveCfg = Release|Any CPU
		{5A3E6219-8F20-40CF-A44B-8AC9A2B2A9C5}.Release|Any CPU.Build.0 = Release|Any CPU
		{493040DA-8BAF-43AA-A288-0F98714FA175}.Debug|Any CPU.ActiveCfg = Debug|Any CPU
		{493040DA-8BAF-43AA-A288-0F98714FA175}.Debug|Any CPU.Build.0 = Debug|Any CPU
		{493040DA-8BAF-43AA-A288-0F98714FA175}.Release|Any CPU.ActiveCfg = Release|Any CPU
		{493040DA-8BAF-43AA-A288-0F98714FA175}.Release|Any CPU.Build.0 = Release|Any CPU
		{872C6307-F1AF-4D6B-BE48-4AACC00CAFD7}.Debug|Any CPU.ActiveCfg = Debug|Any CPU
		{872C6307-F1AF-4D6B-BE48-4AACC00CAFD7}.Debug|Any CPU.Build.0 = Debug|Any CPU
		{872C6307-F1AF-4D6B-BE48-4AACC00CAFD7}.Release|Any CPU.ActiveCfg = Release|Any CPU
		{872C6307-F1AF-4D6B-BE48-4AACC00CAFD7}.Release|Any CPU.Build.0 = Release|Any CPU
		{84280EE7-64E3-4D8F-B484-1C389D4E4EA0}.Debug|Any CPU.ActiveCfg = Debug|Any CPU
		{84280EE7-64E3-4D8F-B484-1C389D4E4EA0}.Debug|Any CPU.Build.0 = Debug|Any CPU
		{84280EE7-64E3-4D8F-B484-1C389D4E4EA0}.Release|Any CPU.ActiveCfg = Release|Any CPU
		{84280EE7-64E3-4D8F-B484-1C389D4E4EA0}.Release|Any CPU.Build.0 = Release|Any CPU
		{88E89717-9528-48D1-B1C7-734CE9C29534}.Debug|Any CPU.ActiveCfg = Debug|Any CPU
		{88E89717-9528-48D1-B1C7-734CE9C29534}.Debug|Any CPU.Build.0 = Debug|Any CPU
		{88E89717-9528-48D1-B1C7-734CE9C29534}.Release|Any CPU.ActiveCfg = Release|Any CPU
		{88E89717-9528-48D1-B1C7-734CE9C29534}.Release|Any CPU.Build.0 = Release|Any CPU
		{9376BC31-6EE2-40AD-ACB4-3C827AF27BE4}.Debug|Any CPU.ActiveCfg = Debug|Any CPU
		{9376BC31-6EE2-40AD-ACB4-3C827AF27BE4}.Debug|Any CPU.Build.0 = Debug|Any CPU
		{9376BC31-6EE2-40AD-ACB4-3C827AF27BE4}.Release|Any CPU.ActiveCfg = Release|Any CPU
		{9376BC31-6EE2-40AD-ACB4-3C827AF27BE4}.Release|Any CPU.Build.0 = Release|Any CPU
		{5DA6F95E-E1C7-422E-8326-5966D8D0117A}.Debug|Any CPU.ActiveCfg = Debug|Any CPU
		{5DA6F95E-E1C7-422E-8326-5966D8D0117A}.Debug|Any CPU.Build.0 = Debug|Any CPU
		{5DA6F95E-E1C7-422E-8326-5966D8D0117A}.Release|Any CPU.ActiveCfg = Release|Any CPU
		{5DA6F95E-E1C7-422E-8326-5966D8D0117A}.Release|Any CPU.Build.0 = Release|Any CPU
		{73737B91-A12D-48AA-A16C-26F1DAB58FB9}.Debug|Any CPU.ActiveCfg = Debug|Any CPU
		{73737B91-A12D-48AA-A16C-26F1DAB58FB9}.Debug|Any CPU.Build.0 = Debug|Any CPU
		{73737B91-A12D-48AA-A16C-26F1DAB58FB9}.Release|Any CPU.ActiveCfg = Release|Any CPU
		{73737B91-A12D-48AA-A16C-26F1DAB58FB9}.Release|Any CPU.Build.0 = Release|Any CPU
		{3B4CC0A8-20DF-49A2-AF32-5F57D813F2F9}.Debug|Any CPU.ActiveCfg = Debug|Any CPU
		{3B4CC0A8-20DF-49A2-AF32-5F57D813F2F9}.Debug|Any CPU.Build.0 = Debug|Any CPU
		{3B4CC0A8-20DF-49A2-AF32-5F57D813F2F9}.Release|Any CPU.ActiveCfg = Release|Any CPU
		{3B4CC0A8-20DF-49A2-AF32-5F57D813F2F9}.Release|Any CPU.Build.0 = Release|Any CPU
		{149CD579-FA82-4CF4-AC1E-2C525E56D3A4}.Debug|Any CPU.ActiveCfg = Debug|Any CPU
		{149CD579-FA82-4CF4-AC1E-2C525E56D3A4}.Debug|Any CPU.Build.0 = Debug|Any CPU
		{149CD579-FA82-4CF4-AC1E-2C525E56D3A4}.Release|Any CPU.ActiveCfg = Release|Any CPU
		{149CD579-FA82-4CF4-AC1E-2C525E56D3A4}.Release|Any CPU.Build.0 = Release|Any CPU
		{261254B6-B115-42A8-A025-8EC137A9DEEA}.Debug|Any CPU.ActiveCfg = Debug|Any CPU
		{261254B6-B115-42A8-A025-8EC137A9DEEA}.Debug|Any CPU.Build.0 = Debug|Any CPU
		{261254B6-B115-42A8-A025-8EC137A9DEEA}.Release|Any CPU.ActiveCfg = Release|Any CPU
		{261254B6-B115-42A8-A025-8EC137A9DEEA}.Release|Any CPU.Build.0 = Release|Any CPU
		{FB5A0570-30CE-4575-8110-61B6201FE1D5}.Debug|Any CPU.ActiveCfg = Debug|Any CPU
		{FB5A0570-30CE-4575-8110-61B6201FE1D5}.Debug|Any CPU.Build.0 = Debug|Any CPU
		{FB5A0570-30CE-4575-8110-61B6201FE1D5}.Release|Any CPU.ActiveCfg = Release|Any CPU
		{FB5A0570-30CE-4575-8110-61B6201FE1D5}.Release|Any CPU.Build.0 = Release|Any CPU
		{C2CAC8AC-3C87-4FF0-BC94-C6E9F66E64FC}.Debug|Any CPU.ActiveCfg = Debug|Any CPU
		{C2CAC8AC-3C87-4FF0-BC94-C6E9F66E64FC}.Debug|Any CPU.Build.0 = Debug|Any CPU
		{C2CAC8AC-3C87-4FF0-BC94-C6E9F66E64FC}.Release|Any CPU.ActiveCfg = Release|Any CPU
		{C2CAC8AC-3C87-4FF0-BC94-C6E9F66E64FC}.Release|Any CPU.Build.0 = Release|Any CPU
		{40172115-864A-4C55-9BE0-2DEDA3589419}.Debug|Any CPU.ActiveCfg = Debug|Any CPU
		{40172115-864A-4C55-9BE0-2DEDA3589419}.Debug|Any CPU.Build.0 = Debug|Any CPU
		{40172115-864A-4C55-9BE0-2DEDA3589419}.Release|Any CPU.ActiveCfg = Release|Any CPU
		{40172115-864A-4C55-9BE0-2DEDA3589419}.Release|Any CPU.Build.0 = Release|Any CPU
		{402528FE-470A-447C-8AD6-B00D49D6ADAE}.Debug|Any CPU.ActiveCfg = Debug|Any CPU
		{402528FE-470A-447C-8AD6-B00D49D6ADAE}.Debug|Any CPU.Build.0 = Debug|Any CPU
		{402528FE-470A-447C-8AD6-B00D49D6ADAE}.Release|Any CPU.ActiveCfg = Release|Any CPU
		{402528FE-470A-447C-8AD6-B00D49D6ADAE}.Release|Any CPU.Build.0 = Release|Any CPU
		{02A1755C-662A-4039-B2BE-07A2A81086FB}.Debug|Any CPU.ActiveCfg = Debug|Any CPU
		{02A1755C-662A-4039-B2BE-07A2A81086FB}.Debug|Any CPU.Build.0 = Debug|Any CPU
		{02A1755C-662A-4039-B2BE-07A2A81086FB}.Release|Any CPU.ActiveCfg = Release|Any CPU
		{02A1755C-662A-4039-B2BE-07A2A81086FB}.Release|Any CPU.Build.0 = Release|Any CPU
		{55F3836D-3416-43E9-BA71-00168225B5CD}.Debug|Any CPU.ActiveCfg = Debug|Any CPU
		{55F3836D-3416-43E9-BA71-00168225B5CD}.Debug|Any CPU.Build.0 = Debug|Any CPU
		{55F3836D-3416-43E9-BA71-00168225B5CD}.Release|Any CPU.ActiveCfg = Release|Any CPU
		{55F3836D-3416-43E9-BA71-00168225B5CD}.Release|Any CPU.Build.0 = Release|Any CPU
		{10C53520-27DB-4E26-840C-01D384B531EC}.Debug|Any CPU.ActiveCfg = Debug|Any CPU
		{10C53520-27DB-4E26-840C-01D384B531EC}.Debug|Any CPU.Build.0 = Debug|Any CPU
		{10C53520-27DB-4E26-840C-01D384B531EC}.Release|Any CPU.ActiveCfg = Release|Any CPU
		{10C53520-27DB-4E26-840C-01D384B531EC}.Release|Any CPU.Build.0 = Release|Any CPU
		{6F1D0562-C055-4006-8300-67195484ABF8}.Debug|Any CPU.ActiveCfg = Debug|Any CPU
		{6F1D0562-C055-4006-8300-67195484ABF8}.Debug|Any CPU.Build.0 = Debug|Any CPU
		{6F1D0562-C055-4006-8300-67195484ABF8}.Release|Any CPU.ActiveCfg = Release|Any CPU
		{6F1D0562-C055-4006-8300-67195484ABF8}.Release|Any CPU.Build.0 = Release|Any CPU
		{D03D4E29-2B6F-417B-A1CD-78DCE07774D0}.Debug|Any CPU.ActiveCfg = Debug|Any CPU
		{D03D4E29-2B6F-417B-A1CD-78DCE07774D0}.Debug|Any CPU.Build.0 = Debug|Any CPU
		{D03D4E29-2B6F-417B-A1CD-78DCE07774D0}.Release|Any CPU.ActiveCfg = Release|Any CPU
		{D03D4E29-2B6F-417B-A1CD-78DCE07774D0}.Release|Any CPU.Build.0 = Release|Any CPU
		{E008A636-AEFA-4960-AA47-A2775F32E6C7}.Debug|Any CPU.ActiveCfg = Debug|Any CPU
		{E008A636-AEFA-4960-AA47-A2775F32E6C7}.Debug|Any CPU.Build.0 = Debug|Any CPU
		{E008A636-AEFA-4960-AA47-A2775F32E6C7}.Release|Any CPU.ActiveCfg = Release|Any CPU
		{E008A636-AEFA-4960-AA47-A2775F32E6C7}.Release|Any CPU.Build.0 = Release|Any CPU
		{489DF194-C6C2-4A9E-A88A-AE51C3314012}.Debug|Any CPU.ActiveCfg = Debug|Any CPU
		{489DF194-C6C2-4A9E-A88A-AE51C3314012}.Debug|Any CPU.Build.0 = Debug|Any CPU
		{489DF194-C6C2-4A9E-A88A-AE51C3314012}.Release|Any CPU.ActiveCfg = Release|Any CPU
		{489DF194-C6C2-4A9E-A88A-AE51C3314012}.Release|Any CPU.Build.0 = Release|Any CPU
		{3300C8B2-3C9D-462C-9CCB-9A540F2F1650}.Debug|Any CPU.ActiveCfg = Debug|Any CPU
		{3300C8B2-3C9D-462C-9CCB-9A540F2F1650}.Debug|Any CPU.Build.0 = Debug|Any CPU
		{3300C8B2-3C9D-462C-9CCB-9A540F2F1650}.Release|Any CPU.ActiveCfg = Release|Any CPU
		{3300C8B2-3C9D-462C-9CCB-9A540F2F1650}.Release|Any CPU.Build.0 = Release|Any CPU
		{795C5376-5A69-46E2-A0AD-1EA5578A23F7}.Debug|Any CPU.ActiveCfg = Debug|Any CPU
		{795C5376-5A69-46E2-A0AD-1EA5578A23F7}.Debug|Any CPU.Build.0 = Debug|Any CPU
		{795C5376-5A69-46E2-A0AD-1EA5578A23F7}.Release|Any CPU.ActiveCfg = Release|Any CPU
		{795C5376-5A69-46E2-A0AD-1EA5578A23F7}.Release|Any CPU.Build.0 = Release|Any CPU
		{E9AA2E16-6200-4365-A85E-A4C212CA38E7}.Debug|Any CPU.ActiveCfg = Debug|Any CPU
		{E9AA2E16-6200-4365-A85E-A4C212CA38E7}.Debug|Any CPU.Build.0 = Debug|Any CPU
		{E9AA2E16-6200-4365-A85E-A4C212CA38E7}.Release|Any CPU.ActiveCfg = Release|Any CPU
		{E9AA2E16-6200-4365-A85E-A4C212CA38E7}.Release|Any CPU.Build.0 = Release|Any CPU
		{544B11A0-5949-421B-A134-8F0F6D8174A0}.Debug|Any CPU.ActiveCfg = Debug|Any CPU
		{544B11A0-5949-421B-A134-8F0F6D8174A0}.Debug|Any CPU.Build.0 = Debug|Any CPU
		{544B11A0-5949-421B-A134-8F0F6D8174A0}.Release|Any CPU.ActiveCfg = Release|Any CPU
		{544B11A0-5949-421B-A134-8F0F6D8174A0}.Release|Any CPU.Build.0 = Release|Any CPU
		{142DF922-4E22-4B08-951D-2B54F25AE5EE}.Debug|Any CPU.ActiveCfg = Debug|Any CPU
		{142DF922-4E22-4B08-951D-2B54F25AE5EE}.Debug|Any CPU.Build.0 = Debug|Any CPU
		{142DF922-4E22-4B08-951D-2B54F25AE5EE}.Release|Any CPU.ActiveCfg = Release|Any CPU
		{142DF922-4E22-4B08-951D-2B54F25AE5EE}.Release|Any CPU.Build.0 = Release|Any CPU
		{5CFD4EDD-CC08-43CA-896F-E55423098A8E}.Debug|Any CPU.ActiveCfg = Debug|Any CPU
		{5CFD4EDD-CC08-43CA-896F-E55423098A8E}.Debug|Any CPU.Build.0 = Debug|Any CPU
		{5CFD4EDD-CC08-43CA-896F-E55423098A8E}.Release|Any CPU.ActiveCfg = Release|Any CPU
		{5CFD4EDD-CC08-43CA-896F-E55423098A8E}.Release|Any CPU.Build.0 = Release|Any CPU
		{53A4D00B-B724-471B-BE6D-DAC0A75CFC17}.Debug|Any CPU.ActiveCfg = Debug|Any CPU
		{53A4D00B-B724-471B-BE6D-DAC0A75CFC17}.Debug|Any CPU.Build.0 = Debug|Any CPU
		{53A4D00B-B724-471B-BE6D-DAC0A75CFC17}.Release|Any CPU.ActiveCfg = Release|Any CPU
		{53A4D00B-B724-471B-BE6D-DAC0A75CFC17}.Release|Any CPU.Build.0 = Release|Any CPU
		{B6504721-15DB-4128-B319-D753B88713FE}.Debug|Any CPU.ActiveCfg = Debug|Any CPU
		{B6504721-15DB-4128-B319-D753B88713FE}.Debug|Any CPU.Build.0 = Debug|Any CPU
		{B6504721-15DB-4128-B319-D753B88713FE}.Release|Any CPU.ActiveCfg = Release|Any CPU
		{B6504721-15DB-4128-B319-D753B88713FE}.Release|Any CPU.Build.0 = Release|Any CPU
		{F970670A-18DE-4773-AB4B-D3919BEB36F1}.Debug|Any CPU.ActiveCfg = Debug|Any CPU
		{F970670A-18DE-4773-AB4B-D3919BEB36F1}.Debug|Any CPU.Build.0 = Debug|Any CPU
		{F970670A-18DE-4773-AB4B-D3919BEB36F1}.Release|Any CPU.ActiveCfg = Release|Any CPU
		{F970670A-18DE-4773-AB4B-D3919BEB36F1}.Release|Any CPU.Build.0 = Release|Any CPU
		{452B0D1A-C8F3-4FEE-8661-AF1BA79F4F75}.Debug|Any CPU.ActiveCfg = Debug|Any CPU
		{452B0D1A-C8F3-4FEE-8661-AF1BA79F4F75}.Debug|Any CPU.Build.0 = Debug|Any CPU
		{452B0D1A-C8F3-4FEE-8661-AF1BA79F4F75}.Release|Any CPU.ActiveCfg = Release|Any CPU
		{452B0D1A-C8F3-4FEE-8661-AF1BA79F4F75}.Release|Any CPU.Build.0 = Release|Any CPU
		{3979FCE0-19F1-4A45-B9DA-DE9882FF9473}.Debug|Any CPU.ActiveCfg = Debug|Any CPU
		{3979FCE0-19F1-4A45-B9DA-DE9882FF9473}.Debug|Any CPU.Build.0 = Debug|Any CPU
		{3979FCE0-19F1-4A45-B9DA-DE9882FF9473}.Release|Any CPU.ActiveCfg = Release|Any CPU
		{3979FCE0-19F1-4A45-B9DA-DE9882FF9473}.Release|Any CPU.Build.0 = Release|Any CPU
		{BB77DFF3-2840-4BF6-A095-EE2740E0620D}.Debug|Any CPU.ActiveCfg = Debug|Any CPU
		{BB77DFF3-2840-4BF6-A095-EE2740E0620D}.Debug|Any CPU.Build.0 = Debug|Any CPU
		{BB77DFF3-2840-4BF6-A095-EE2740E0620D}.Release|Any CPU.ActiveCfg = Release|Any CPU
		{BB77DFF3-2840-4BF6-A095-EE2740E0620D}.Release|Any CPU.Build.0 = Release|Any CPU
		{2FC3952F-8F1A-493B-BC54-AC3399F5097A}.Debug|Any CPU.ActiveCfg = Debug|Any CPU
		{2FC3952F-8F1A-493B-BC54-AC3399F5097A}.Debug|Any CPU.Build.0 = Debug|Any CPU
		{2FC3952F-8F1A-493B-BC54-AC3399F5097A}.Release|Any CPU.ActiveCfg = Release|Any CPU
		{2FC3952F-8F1A-493B-BC54-AC3399F5097A}.Release|Any CPU.Build.0 = Release|Any CPU
		{8BBE2F44-AEF8-4E28-80A1-1E712A56BCD0}.Debug|Any CPU.ActiveCfg = Debug|Any CPU
		{8BBE2F44-AEF8-4E28-80A1-1E712A56BCD0}.Debug|Any CPU.Build.0 = Debug|Any CPU
		{8BBE2F44-AEF8-4E28-80A1-1E712A56BCD0}.Release|Any CPU.ActiveCfg = Release|Any CPU
		{8BBE2F44-AEF8-4E28-80A1-1E712A56BCD0}.Release|Any CPU.Build.0 = Release|Any CPU
		{81A3BABF-B1AD-44E4-A340-C9F5DDAE3862}.Debug|Any CPU.ActiveCfg = Debug|Any CPU
		{81A3BABF-B1AD-44E4-A340-C9F5DDAE3862}.Debug|Any CPU.Build.0 = Debug|Any CPU
		{81A3BABF-B1AD-44E4-A340-C9F5DDAE3862}.Release|Any CPU.ActiveCfg = Release|Any CPU
		{81A3BABF-B1AD-44E4-A340-C9F5DDAE3862}.Release|Any CPU.Build.0 = Release|Any CPU
		{DA5844F2-3D1B-4167-B90D-4EA791D921E3}.Debug|Any CPU.ActiveCfg = Debug|Any CPU
		{DA5844F2-3D1B-4167-B90D-4EA791D921E3}.Debug|Any CPU.Build.0 = Debug|Any CPU
		{DA5844F2-3D1B-4167-B90D-4EA791D921E3}.Release|Any CPU.ActiveCfg = Release|Any CPU
		{DA5844F2-3D1B-4167-B90D-4EA791D921E3}.Release|Any CPU.Build.0 = Release|Any CPU
		{75A4D069-CDE7-4E2F-A1B9-603F45EF21EF}.Debug|Any CPU.ActiveCfg = Debug|Any CPU
		{75A4D069-CDE7-4E2F-A1B9-603F45EF21EF}.Debug|Any CPU.Build.0 = Debug|Any CPU
		{75A4D069-CDE7-4E2F-A1B9-603F45EF21EF}.Release|Any CPU.ActiveCfg = Release|Any CPU
		{75A4D069-CDE7-4E2F-A1B9-603F45EF21EF}.Release|Any CPU.Build.0 = Release|Any CPU
		{0388713F-2184-4524-AAF0-F24906A23494}.Debug|Any CPU.ActiveCfg = Debug|Any CPU
		{0388713F-2184-4524-AAF0-F24906A23494}.Debug|Any CPU.Build.0 = Debug|Any CPU
		{0388713F-2184-4524-AAF0-F24906A23494}.Release|Any CPU.ActiveCfg = Release|Any CPU
		{0388713F-2184-4524-AAF0-F24906A23494}.Release|Any CPU.Build.0 = Release|Any CPU
		{91CE262C-9EE5-4866-BE9E-371A578822A4}.Debug|Any CPU.ActiveCfg = Debug|Any CPU
		{91CE262C-9EE5-4866-BE9E-371A578822A4}.Debug|Any CPU.Build.0 = Debug|Any CPU
		{91CE262C-9EE5-4866-BE9E-371A578822A4}.Release|Any CPU.ActiveCfg = Release|Any CPU
		{91CE262C-9EE5-4866-BE9E-371A578822A4}.Release|Any CPU.Build.0 = Release|Any CPU
		{2E1F22E6-59FB-4D57-B1E5-1F4670706250}.Debug|Any CPU.ActiveCfg = Debug|Any CPU
		{2E1F22E6-59FB-4D57-B1E5-1F4670706250}.Debug|Any CPU.Build.0 = Debug|Any CPU
		{2E1F22E6-59FB-4D57-B1E5-1F4670706250}.Release|Any CPU.ActiveCfg = Release|Any CPU
		{2E1F22E6-59FB-4D57-B1E5-1F4670706250}.Release|Any CPU.Build.0 = Release|Any CPU
		{86ADCADA-866F-46E9-979F-93D6DBCF3624}.Debug|Any CPU.ActiveCfg = Debug|Any CPU
		{86ADCADA-866F-46E9-979F-93D6DBCF3624}.Debug|Any CPU.Build.0 = Debug|Any CPU
		{86ADCADA-866F-46E9-979F-93D6DBCF3624}.Release|Any CPU.ActiveCfg = Release|Any CPU
		{86ADCADA-866F-46E9-979F-93D6DBCF3624}.Release|Any CPU.Build.0 = Release|Any CPU
		{6D0729BF-303D-447B-A73F-27EDA1F943C1}.Debug|Any CPU.ActiveCfg = Debug|Any CPU
		{6D0729BF-303D-447B-A73F-27EDA1F943C1}.Debug|Any CPU.Build.0 = Debug|Any CPU
		{6D0729BF-303D-447B-A73F-27EDA1F943C1}.Release|Any CPU.ActiveCfg = Release|Any CPU
		{6D0729BF-303D-447B-A73F-27EDA1F943C1}.Release|Any CPU.Build.0 = Release|Any CPU
		{529C0FAC-2E5D-4D9C-A576-C6DF3CE4D3CA}.Debug|Any CPU.ActiveCfg = Debug|Any CPU
		{529C0FAC-2E5D-4D9C-A576-C6DF3CE4D3CA}.Debug|Any CPU.Build.0 = Debug|Any CPU
		{529C0FAC-2E5D-4D9C-A576-C6DF3CE4D3CA}.Release|Any CPU.ActiveCfg = Release|Any CPU
		{529C0FAC-2E5D-4D9C-A576-C6DF3CE4D3CA}.Release|Any CPU.Build.0 = Release|Any CPU
		{8C341D68-F88B-4793-B90D-16F0F30DB62A}.Debug|Any CPU.ActiveCfg = Debug|Any CPU
		{8C341D68-F88B-4793-B90D-16F0F30DB62A}.Debug|Any CPU.Build.0 = Debug|Any CPU
		{8C341D68-F88B-4793-B90D-16F0F30DB62A}.Release|Any CPU.ActiveCfg = Release|Any CPU
		{8C341D68-F88B-4793-B90D-16F0F30DB62A}.Release|Any CPU.Build.0 = Release|Any CPU
		{07AA105C-29F5-46D2-BC84-8D06F7BED2C9}.Debug|Any CPU.ActiveCfg = Debug|Any CPU
		{07AA105C-29F5-46D2-BC84-8D06F7BED2C9}.Debug|Any CPU.Build.0 = Debug|Any CPU
		{07AA105C-29F5-46D2-BC84-8D06F7BED2C9}.Release|Any CPU.ActiveCfg = Release|Any CPU
		{07AA105C-29F5-46D2-BC84-8D06F7BED2C9}.Release|Any CPU.Build.0 = Release|Any CPU
	EndGlobalSection
	GlobalSection(SolutionProperties) = preSolution
		HideSolutionNode = FALSE
	EndGlobalSection
	GlobalSection(ExtensibilityGlobals) = postSolution
		SolutionGuid = {9A6544C4-C6EA-4B89-8FDE-CBDAAD6FBA73}
	EndGlobalSection
EndGlobal
