
Microsoft Visual Studio Solution File, Format Version 12.00
# Visual Studio Version 17
VisualStudioVersion = 17.9.34701.34
MinimumVisualStudioVersion = 10.0.40219.1
Project("{FAE04EC0-301F-11D3-BF4B-00C04F79EFBC}") = "01_命名空間", "01_命名空間\01_命名空間.csproj", "{BDDF3D81-B21C-4554-AD20-ADD89E565791}"
EndProject
Project("{FAE04EC0-301F-11D3-BF4B-00C04F79EFBC}") = "02_字符串", "02_字符串\02_字符串.csproj", "{17BDE9CB-8C31-4F71-978B-73F2502CF241}"
EndProject
Project("{FAE04EC0-301F-11D3-BF4B-00C04F79EFBC}") = "03_StringBuilder", "03_StringBuilder\03_StringBuilder.csproj", "{1447E7F1-05D6-4928-8FBD-40D70373E886}"
EndProject
Project("{FAE04EC0-301F-11D3-BF4B-00C04F79EFBC}") = "04_正則表示式", "04_正則表示式\04_正則表示式.csproj", "{028E7D26-7D59-4B2C-BA5B-416C3B7BD897}"
EndProject
Global
	GlobalSection(SolutionConfigurationPlatforms) = preSolution
		Debug|Any CPU = Debug|Any CPU
		Release|Any CPU = Release|Any CPU
	EndGlobalSection
	GlobalSection(ProjectConfigurationPlatforms) = postSolution
		{BDDF3D81-B21C-4554-AD20-ADD89E565791}.Debug|Any CPU.ActiveCfg = Debug|Any CPU
		{BDDF3D81-B21C-4554-AD20-ADD89E565791}.Debug|Any CPU.Build.0 = Debug|Any CPU
		{BDDF3D81-B21C-4554-AD20-ADD89E565791}.Release|Any CPU.ActiveCfg = Release|Any CPU
		{BDDF3D81-B21C-4554-AD20-ADD89E565791}.Release|Any CPU.Build.0 = Release|Any CPU
		{17BDE9CB-8C31-4F71-978B-73F2502CF241}.Debug|Any CPU.ActiveCfg = Debug|Any CPU
		{17BDE9CB-8C31-4F71-978B-73F2502CF241}.Debug|Any CPU.Build.0 = Debug|Any CPU
		{17BDE9CB-8C31-4F71-978B-73F2502CF241}.Release|Any CPU.ActiveCfg = Release|Any CPU
		{17BDE9CB-8C31-4F71-978B-73F2502CF241}.Release|Any CPU.Build.0 = Release|Any CPU
		{1447E7F1-05D6-4928-8FBD-40D70373E886}.Debug|Any CPU.ActiveCfg = Debug|Any CPU
		{1447E7F1-05D6-4928-8FBD-40D70373E886}.Debug|Any CPU.Build.0 = Debug|Any CPU
		{1447E7F1-05D6-4928-8FBD-40D70373E886}.Release|Any CPU.ActiveCfg = Release|Any CPU
		{1447E7F1-05D6-4928-8FBD-40D70373E886}.Release|Any CPU.Build.0 = Release|Any CPU
		{028E7D26-7D59-4B2C-BA5B-416C3B7BD897}.Debug|Any CPU.ActiveCfg = Debug|Any CPU
		{028E7D26-7D59-4B2C-BA5B-416C3B7BD897}.Debug|Any CPU.Build.0 = Debug|Any CPU
		{028E7D26-7D59-4B2C-BA5B-416C3B7BD897}.Release|Any CPU.ActiveCfg = Release|Any CPU
		{028E7D26-7D59-4B2C-BA5B-416C3B7BD897}.Release|Any CPU.Build.0 = Release|Any CPU
	EndGlobalSection
	GlobalSection(SolutionProperties) = preSolution
		HideSolutionNode = FALSE
	EndGlobalSection
	GlobalSection(ExtensibilityGlobals) = postSolution
		SolutionGuid = {30C4F767-4FAB-4602-893F-DBFFC7836165}
	EndGlobalSection
EndGlobal
