
Microsoft Visual Studio Solution File, Format Version 12.00
# Visual Studio Version 17
VisualStudioVersion = 17.9.34701.34
MinimumVisualStudioVersion = 10.0.40219.1
Project("{FAE04EC0-301F-11D3-BF4B-00C04F79EFBC}") = "01_調適和錯誤排查(debug)", "01_調適和錯誤排查(debug)\01_調適和錯誤排查(debug).csproj", "{D0F2983F-158D-4CAF-9C2C-2DB186FB1A92}"
EndProject
Project("{FAE04EC0-301F-11D3-BF4B-00C04F79EFBC}") = "02_異常處理", "02_異常處理\02_異常處理.csproj", "{896C3F4F-5F94-4FF7-994F-6819FD2EF956}"
EndProject
Project("{FAE04EC0-301F-11D3-BF4B-00C04F79EFBC}") = "03_面相對象", "03_面相對象\03_面相對象.csproj", "{FB78564B-E4F5-466F-ADBF-3AF50FB9DC37}"
EndProject
Project("{FAE04EC0-301F-11D3-BF4B-00C04F79EFBC}") = "04_屬性", "05_屬性\04_屬性.csproj", "{F684E730-E087-4A23-99F4-3CA49D1183EA}"
EndProject
Project("{FAE04EC0-301F-11D3-BF4B-00C04F79EFBC}") = "05_繼承", "05_繼承\05_繼承.csproj", "{01841B79-22AD-4B6E-9BF5-79975BB25817}"
EndProject
Project("{FAE04EC0-301F-11D3-BF4B-00C04F79EFBC}") = "06_虛方法", "06_虛方法\06_虛方法.csproj", "{0682A365-F721-40BE-A376-715F0CF33BC6}"
EndProject
Project("{FAE04EC0-301F-11D3-BF4B-00C04F79EFBC}") = "07_抽象類", "07_抽象類\07_抽象類.csproj", "{55F7C1DB-CF98-4C20-8469-7FC6D71D1886}"
EndProject
Project("{FAE04EC0-301F-11D3-BF4B-00C04F79EFBC}") = "08_密封", "08_密封\08_密封.csproj", "{5E29F3CE-C91A-4EE6-920A-C25AEB345B5A}"
EndProject
Project("{FAE04EC0-301F-11D3-BF4B-00C04F79EFBC}") = "09_子類的構造", "09_子類的構造\09_子類的構造.csproj", "{C15D4A6F-E567-4391-B231-CFB1A7ADD61B}"
	ProjectSection(ProjectDependencies) = postProject
		{5E29F3CE-C91A-4EE6-920A-C25AEB345B5A} = {5E29F3CE-C91A-4EE6-920A-C25AEB345B5A}
	EndProjectSection
EndProject
Project("{FAE04EC0-301F-11D3-BF4B-00C04F79EFBC}") = "10_接口", "10_接口\10_接口.csproj", "{C0600720-63EA-4FA7-8F29-BB838DAD6921}"
EndProject
Project("{FAE04EC0-301F-11D3-BF4B-00C04F79EFBC}") = "11_索引器", "11_索引器\11_索引器.csproj", "{0616ADBF-800C-42C5-98A4-41781B726B04}"
EndProject
Project("{FAE04EC0-301F-11D3-BF4B-00C04F79EFBC}") = "12_練習", "12_練習\12_練習.csproj", "{75A62870-8240-4059-A5B9-F28BFABDB8B3}"
EndProject
Project("{FAE04EC0-301F-11D3-BF4B-00C04F79EFBC}") = "13_練習", "13_練習\13_練習.csproj", "{FCBC561D-E910-4478-AF19-E0E93FE1CADF}"
EndProject
Project("{FAE04EC0-301F-11D3-BF4B-00C04F79EFBC}") = "14_結構體和類的不同", "14_結構體和類的不同\14_結構體和類的不同.csproj", "{E6CAA86E-ECBC-4861-98F7-BC45C70D7BDC}"
EndProject
Project("{FAE04EC0-301F-11D3-BF4B-00C04F79EFBC}") = "15_列表", "15_列表\15_列表.csproj", "{A6F91FB8-E54B-4534-8D88-7FF9DAC5200B}"
EndProject
Project("{FAE04EC0-301F-11D3-BF4B-00C04F79EFBC}") = "16_列表常用操作", "16_列表常用操作\16_列表常用操作.csproj", "{B71AF7B1-A0A4-412F-82EE-10A71D0C0F3C}"
EndProject
Project("{FAE04EC0-301F-11D3-BF4B-00C04F79EFBC}") = "17_泛型", "17_泛型\17_泛型.csproj", "{A1931B8E-C3CB-489E-B855-A71719B6162F}"
EndProject
Project("{FAE04EC0-301F-11D3-BF4B-00C04F79EFBC}") = "18_ToString", "18_ToString\18_ToString.csproj", "{4002DA92-DFFA-4148-AA26-FBD1784D757B}"
EndProject
Project("{FAE04EC0-301F-11D3-BF4B-00C04F79EFBC}") = "19_MyList", "19_MyList\19_MyList.csproj", "{E99064BC-FD8F-41A3-B33B-7E3E072633DA}"
EndProject
Global
	GlobalSection(SolutionConfigurationPlatforms) = preSolution
		Debug|Any CPU = Debug|Any CPU
		Release|Any CPU = Release|Any CPU
	EndGlobalSection
	GlobalSection(ProjectConfigurationPlatforms) = postSolution
		{D0F2983F-158D-4CAF-9C2C-2DB186FB1A92}.Debug|Any CPU.ActiveCfg = Debug|Any CPU
		{D0F2983F-158D-4CAF-9C2C-2DB186FB1A92}.Debug|Any CPU.Build.0 = Debug|Any CPU
		{D0F2983F-158D-4CAF-9C2C-2DB186FB1A92}.Release|Any CPU.ActiveCfg = Release|Any CPU
		{D0F2983F-158D-4CAF-9C2C-2DB186FB1A92}.Release|Any CPU.Build.0 = Release|Any CPU
		{896C3F4F-5F94-4FF7-994F-6819FD2EF956}.Debug|Any CPU.ActiveCfg = Debug|Any CPU
		{896C3F4F-5F94-4FF7-994F-6819FD2EF956}.Debug|Any CPU.Build.0 = Debug|Any CPU
		{896C3F4F-5F94-4FF7-994F-6819FD2EF956}.Release|Any CPU.ActiveCfg = Release|Any CPU
		{896C3F4F-5F94-4FF7-994F-6819FD2EF956}.Release|Any CPU.Build.0 = Release|Any CPU
		{FB78564B-E4F5-466F-ADBF-3AF50FB9DC37}.Debug|Any CPU.ActiveCfg = Debug|Any CPU
		{FB78564B-E4F5-466F-ADBF-3AF50FB9DC37}.Debug|Any CPU.Build.0 = Debug|Any CPU
		{FB78564B-E4F5-466F-ADBF-3AF50FB9DC37}.Release|Any CPU.ActiveCfg = Release|Any CPU
		{FB78564B-E4F5-466F-ADBF-3AF50FB9DC37}.Release|Any CPU.Build.0 = Release|Any CPU
		{F684E730-E087-4A23-99F4-3CA49D1183EA}.Debug|Any CPU.ActiveCfg = Debug|Any CPU
		{F684E730-E087-4A23-99F4-3CA49D1183EA}.Debug|Any CPU.Build.0 = Debug|Any CPU
		{F684E730-E087-4A23-99F4-3CA49D1183EA}.Release|Any CPU.ActiveCfg = Release|Any CPU
		{F684E730-E087-4A23-99F4-3CA49D1183EA}.Release|Any CPU.Build.0 = Release|Any CPU
		{01841B79-22AD-4B6E-9BF5-79975BB25817}.Debug|Any CPU.ActiveCfg = Debug|Any CPU
		{01841B79-22AD-4B6E-9BF5-79975BB25817}.Debug|Any CPU.Build.0 = Debug|Any CPU
		{01841B79-22AD-4B6E-9BF5-79975BB25817}.Release|Any CPU.ActiveCfg = Release|Any CPU
		{01841B79-22AD-4B6E-9BF5-79975BB25817}.Release|Any CPU.Build.0 = Release|Any CPU
		{0682A365-F721-40BE-A376-715F0CF33BC6}.Debug|Any CPU.ActiveCfg = Debug|Any CPU
		{0682A365-F721-40BE-A376-715F0CF33BC6}.Debug|Any CPU.Build.0 = Debug|Any CPU
		{0682A365-F721-40BE-A376-715F0CF33BC6}.Release|Any CPU.ActiveCfg = Release|Any CPU
		{0682A365-F721-40BE-A376-715F0CF33BC6}.Release|Any CPU.Build.0 = Release|Any CPU
		{55F7C1DB-CF98-4C20-8469-7FC6D71D1886}.Debug|Any CPU.ActiveCfg = Debug|Any CPU
		{55F7C1DB-CF98-4C20-8469-7FC6D71D1886}.Debug|Any CPU.Build.0 = Debug|Any CPU
		{55F7C1DB-CF98-4C20-8469-7FC6D71D1886}.Release|Any CPU.ActiveCfg = Release|Any CPU
		{55F7C1DB-CF98-4C20-8469-7FC6D71D1886}.Release|Any CPU.Build.0 = Release|Any CPU
		{5E29F3CE-C91A-4EE6-920A-C25AEB345B5A}.Debug|Any CPU.ActiveCfg = Debug|Any CPU
		{5E29F3CE-C91A-4EE6-920A-C25AEB345B5A}.Debug|Any CPU.Build.0 = Debug|Any CPU
		{5E29F3CE-C91A-4EE6-920A-C25AEB345B5A}.Release|Any CPU.ActiveCfg = Release|Any CPU
		{5E29F3CE-C91A-4EE6-920A-C25AEB345B5A}.Release|Any CPU.Build.0 = Release|Any CPU
		{C15D4A6F-E567-4391-B231-CFB1A7ADD61B}.Debug|Any CPU.ActiveCfg = Debug|Any CPU
		{C15D4A6F-E567-4391-B231-CFB1A7ADD61B}.Debug|Any CPU.Build.0 = Debug|Any CPU
		{C15D4A6F-E567-4391-B231-CFB1A7ADD61B}.Release|Any CPU.ActiveCfg = Release|Any CPU
		{C15D4A6F-E567-4391-B231-CFB1A7ADD61B}.Release|Any CPU.Build.0 = Release|Any CPU
		{C0600720-63EA-4FA7-8F29-BB838DAD6921}.Debug|Any CPU.ActiveCfg = Debug|Any CPU
		{C0600720-63EA-4FA7-8F29-BB838DAD6921}.Debug|Any CPU.Build.0 = Debug|Any CPU
		{C0600720-63EA-4FA7-8F29-BB838DAD6921}.Release|Any CPU.ActiveCfg = Release|Any CPU
		{C0600720-63EA-4FA7-8F29-BB838DAD6921}.Release|Any CPU.Build.0 = Release|Any CPU
		{0616ADBF-800C-42C5-98A4-41781B726B04}.Debug|Any CPU.ActiveCfg = Debug|Any CPU
		{0616ADBF-800C-42C5-98A4-41781B726B04}.Debug|Any CPU.Build.0 = Debug|Any CPU
		{0616ADBF-800C-42C5-98A4-41781B726B04}.Release|Any CPU.ActiveCfg = Release|Any CPU
		{0616ADBF-800C-42C5-98A4-41781B726B04}.Release|Any CPU.Build.0 = Release|Any CPU
		{75A62870-8240-4059-A5B9-F28BFABDB8B3}.Debug|Any CPU.ActiveCfg = Debug|Any CPU
		{75A62870-8240-4059-A5B9-F28BFABDB8B3}.Debug|Any CPU.Build.0 = Debug|Any CPU
		{75A62870-8240-4059-A5B9-F28BFABDB8B3}.Release|Any CPU.ActiveCfg = Release|Any CPU
		{75A62870-8240-4059-A5B9-F28BFABDB8B3}.Release|Any CPU.Build.0 = Release|Any CPU
		{FCBC561D-E910-4478-AF19-E0E93FE1CADF}.Debug|Any CPU.ActiveCfg = Debug|Any CPU
		{FCBC561D-E910-4478-AF19-E0E93FE1CADF}.Debug|Any CPU.Build.0 = Debug|Any CPU
		{FCBC561D-E910-4478-AF19-E0E93FE1CADF}.Release|Any CPU.ActiveCfg = Release|Any CPU
		{FCBC561D-E910-4478-AF19-E0E93FE1CADF}.Release|Any CPU.Build.0 = Release|Any CPU
		{E6CAA86E-ECBC-4861-98F7-BC45C70D7BDC}.Debug|Any CPU.ActiveCfg = Debug|Any CPU
		{E6CAA86E-ECBC-4861-98F7-BC45C70D7BDC}.Debug|Any CPU.Build.0 = Debug|Any CPU
		{E6CAA86E-ECBC-4861-98F7-BC45C70D7BDC}.Release|Any CPU.ActiveCfg = Release|Any CPU
		{E6CAA86E-ECBC-4861-98F7-BC45C70D7BDC}.Release|Any CPU.Build.0 = Release|Any CPU
		{A6F91FB8-E54B-4534-8D88-7FF9DAC5200B}.Debug|Any CPU.ActiveCfg = Debug|Any CPU
		{A6F91FB8-E54B-4534-8D88-7FF9DAC5200B}.Debug|Any CPU.Build.0 = Debug|Any CPU
		{A6F91FB8-E54B-4534-8D88-7FF9DAC5200B}.Release|Any CPU.ActiveCfg = Release|Any CPU
		{A6F91FB8-E54B-4534-8D88-7FF9DAC5200B}.Release|Any CPU.Build.0 = Release|Any CPU
		{B71AF7B1-A0A4-412F-82EE-10A71D0C0F3C}.Debug|Any CPU.ActiveCfg = Debug|Any CPU
		{B71AF7B1-A0A4-412F-82EE-10A71D0C0F3C}.Debug|Any CPU.Build.0 = Debug|Any CPU
		{B71AF7B1-A0A4-412F-82EE-10A71D0C0F3C}.Release|Any CPU.ActiveCfg = Release|Any CPU
		{B71AF7B1-A0A4-412F-82EE-10A71D0C0F3C}.Release|Any CPU.Build.0 = Release|Any CPU
		{A1931B8E-C3CB-489E-B855-A71719B6162F}.Debug|Any CPU.ActiveCfg = Debug|Any CPU
		{A1931B8E-C3CB-489E-B855-A71719B6162F}.Debug|Any CPU.Build.0 = Debug|Any CPU
		{A1931B8E-C3CB-489E-B855-A71719B6162F}.Release|Any CPU.ActiveCfg = Release|Any CPU
		{A1931B8E-C3CB-489E-B855-A71719B6162F}.Release|Any CPU.Build.0 = Release|Any CPU
		{4002DA92-DFFA-4148-AA26-FBD1784D757B}.Debug|Any CPU.ActiveCfg = Debug|Any CPU
		{4002DA92-DFFA-4148-AA26-FBD1784D757B}.Debug|Any CPU.Build.0 = Debug|Any CPU
		{4002DA92-DFFA-4148-AA26-FBD1784D757B}.Release|Any CPU.ActiveCfg = Release|Any CPU
		{4002DA92-DFFA-4148-AA26-FBD1784D757B}.Release|Any CPU.Build.0 = Release|Any CPU
		{E99064BC-FD8F-41A3-B33B-7E3E072633DA}.Debug|Any CPU.ActiveCfg = Debug|Any CPU
		{E99064BC-FD8F-41A3-B33B-7E3E072633DA}.Debug|Any CPU.Build.0 = Debug|Any CPU
		{E99064BC-FD8F-41A3-B33B-7E3E072633DA}.Release|Any CPU.ActiveCfg = Release|Any CPU
		{E99064BC-FD8F-41A3-B33B-7E3E072633DA}.Release|Any CPU.Build.0 = Release|Any CPU
	EndGlobalSection
	GlobalSection(SolutionProperties) = preSolution
		HideSolutionNode = FALSE
	EndGlobalSection
	GlobalSection(ExtensibilityGlobals) = postSolution
		SolutionGuid = {B237683C-ACE2-4B87-956A-37A1944EE085}
	EndGlobalSection
EndGlobal
